
Microsoft Visual Studio Solution File, Format Version 12.00
# Visual Studio Version 17
VisualStudioVersion = 17.7.34221.43
MinimumVisualStudioVersion = 10.0.40219.1
Project("{9A19103F-16F7-4668-BE54-9A1E7A4F7556}") = "FleetingSeasons", "FleetingSeasons\FleetingSeasons.csproj", "{A902CB26-58A1-4037-85C6-5314B0DA4415}"
EndProject
Project("{9A19103F-16F7-4668-BE54-9A1E7A4F7556}") = "RestockAnywhere", "RestockAnywhere\RestockAnywhere.csproj", "{75903B54-646C-49F8-B4BB-E99B716BBE5D}"
EndProject
Project("{2150E333-8FDC-42A3-9474-1A3956D46DE8}") = "Solution Items", "Solution Items", "{D12FAC44-2219-4119-88A5-1525EA39CD25}"
	ProjectSection(SolutionItems) = preProject
		.gitignore = .gitignore
		LICENSE = LICENSE
	EndProjectSection
EndProject
Global
	GlobalSection(SolutionConfigurationPlatforms) = preSolution
		Debug|Any CPU = Debug|Any CPU
		Release|Any CPU = Release|Any CPU
	EndGlobalSection
	GlobalSection(ProjectConfigurationPlatforms) = postSolution
		{A902CB26-58A1-4037-85C6-5314B0DA4415}.Debug|Any CPU.ActiveCfg = Release|Any CPU
		{A902CB26-58A1-4037-85C6-5314B0DA4415}.Debug|Any CPU.Build.0 = Release|Any CPU
		{A902CB26-58A1-4037-85C6-5314B0DA4415}.Release|Any CPU.ActiveCfg = Release|Any CPU
		{A902CB26-58A1-4037-85C6-5314B0DA4415}.Release|Any CPU.Build.0 = Release|Any CPU
		{75903B54-646C-49F8-B4BB-E99B716BBE5D}.Debug|Any CPU.ActiveCfg = Release|Any CPU
		{75903B54-646C-49F8-B4BB-E99B716BBE5D}.Debug|Any CPU.Build.0 = Release|Any CPU
		{75903B54-646C-49F8-B4BB-E99B716BBE5D}.Release|Any CPU.ActiveCfg = Release|Any CPU
		{75903B54-646C-49F8-B4BB-E99B716BBE5D}.Release|Any CPU.Build.0 = Release|Any CPU
	EndGlobalSection
	GlobalSection(SolutionProperties) = preSolution
		HideSolutionNode = FALSE
	EndGlobalSection
	GlobalSection(ExtensibilityGlobals) = postSolution
		SolutionGuid = {CD08DF4C-804C-4285-8E92-569E1F4EF9D6}
	EndGlobalSection
EndGlobal
